
Microsoft Visual Studio Solution File, Format Version 11.00
# Visual Studio 2010
Project("{FAE04EC0-301F-11D3-BF4B-00C04F79EFBC}") = "DepthsBelow", "DepthsBelow\DepthsBelow\DepthsBelow.csproj", "{94683C5B-052D-4143-96D8-35C67E831000}"
EndProject
Project("{FAE04EC0-301F-11D3-BF4B-00C04F79EFBC}") = "DepthsBelowContent", "DepthsBelow\DepthsBelowContent\DepthsBelowContent.contentproj", "{433A77A2-DE52-4875-A4EF-232CF59C2DD3}"
EndProject
Project("{FAE04EC0-301F-11D3-BF4B-00C04F79EFBC}") = "TiledLib", "TiledLib\TiledLib\TiledLib.csproj", "{EC3F6988-459C-4783-89E9-F34C0CC731C7}"
EndProject
Project("{FAE04EC0-301F-11D3-BF4B-00C04F79EFBC}") = "DepthsBelowContentPipeline", "DepthsBelow\DepthsBelowContentPipeline\DepthsBelowContentPipeline.csproj", "{D054E3A6-7E05-4255-984F-69FE40D9137F}"
EndProject
Global
	GlobalSection(SolutionConfigurationPlatforms) = preSolution
		Debug|x86 = Debug|x86
		Release|x86 = Release|x86
	EndGlobalSection
	GlobalSection(ProjectConfigurationPlatforms) = postSolution
		{94683C5B-052D-4143-96D8-35C67E831000}.Debug|x86.ActiveCfg = Debug|x86
		{94683C5B-052D-4143-96D8-35C67E831000}.Debug|x86.Build.0 = Debug|x86
		{94683C5B-052D-4143-96D8-35C67E831000}.Release|x86.ActiveCfg = Release|x86
		{94683C5B-052D-4143-96D8-35C67E831000}.Release|x86.Build.0 = Release|x86
		{433A77A2-DE52-4875-A4EF-232CF59C2DD3}.Debug|x86.ActiveCfg = Debug|x86
		{433A77A2-DE52-4875-A4EF-232CF59C2DD3}.Release|x86.ActiveCfg = Release|x86
		{EC3F6988-459C-4783-89E9-F34C0CC731C7}.Debug|x86.ActiveCfg = Debug|x86
		{EC3F6988-459C-4783-89E9-F34C0CC731C7}.Debug|x86.Build.0 = Debug|x86
		{EC3F6988-459C-4783-89E9-F34C0CC731C7}.Release|x86.ActiveCfg = Release|x86
		{EC3F6988-459C-4783-89E9-F34C0CC731C7}.Release|x86.Build.0 = Release|x86
		{D054E3A6-7E05-4255-984F-69FE40D9137F}.Debug|x86.ActiveCfg = Debug|x86
		{D054E3A6-7E05-4255-984F-69FE40D9137F}.Debug|x86.Build.0 = Debug|x86
		{D054E3A6-7E05-4255-984F-69FE40D9137F}.Release|x86.ActiveCfg = Debug|x86
		{D054E3A6-7E05-4255-984F-69FE40D9137F}.Release|x86.Build.0 = Debug|x86
	EndGlobalSection
	GlobalSection(SolutionProperties) = preSolution
		HideSolutionNode = FALSE
	EndGlobalSection
EndGlobal
