
Microsoft Visual Studio Solution File, Format Version 11.00
# Visual Studio 2010
Project("{FAE04EC0-301F-11D3-BF4B-00C04F79EFBC}") = "DepthsBelow", "DepthsBelow\DepthsBelow\DepthsBelow.csproj", "{94683C5B-052D-4143-96D8-35C67E831000}"
EndProject
Project("{96E2B04D-8817-42C6-938A-82C39BA4D311}") = "DepthsBelowContent", "DepthsBelow\DepthsBelowContent\DepthsBelowContent.contentproj", "{433A77A2-DE52-4875-A4EF-232CF59C2DD3}"
EndProject
Global
	GlobalSection(SolutionConfigurationPlatforms) = preSolution
		Debug|x86 = Debug|x86
		Release|x86 = Release|x86
	EndGlobalSection
	GlobalSection(ProjectConfigurationPlatforms) = postSolution
		{94683C5B-052D-4143-96D8-35C67E831000}.Debug|x86.ActiveCfg = Debug|x86
		{94683C5B-052D-4143-96D8-35C67E831000}.Debug|x86.Build.0 = Debug|x86
		{94683C5B-052D-4143-96D8-35C67E831000}.Release|x86.ActiveCfg = Release|x86
		{94683C5B-052D-4143-96D8-35C67E831000}.Release|x86.Build.0 = Release|x86
		{433A77A2-DE52-4875-A4EF-232CF59C2DD3}.Debug|x86.ActiveCfg = Debug|x86
		{433A77A2-DE52-4875-A4EF-232CF59C2DD3}.Release|x86.ActiveCfg = Release|x86
	EndGlobalSection
	GlobalSection(SolutionProperties) = preSolution
		HideSolutionNode = FALSE
	EndGlobalSection
EndGlobal
